Microsoft Visual Studio Solution File, Format Version 12.00
# Visual Studio Version 18
VisualStudioVersion = 18.0.0.0
MinimumVisualStudioVersion = 10.0.40219.1
Project("{8BC9CEB8-8B4A-11D0-8D11-00A0C91BC942}") = "sgp4lib", "sgp4lib\sgp4lib.vcxproj", "{DA9D6B5F-0505-499F-BA9C-492AFB2AD6C9}"
EndProject
Project("{8BC9CEB8-8B4A-11D0-8D11-00A0C91BC942}") = "test_math", "tests\test_math\test_math.vcxproj", "{5418FA61-38A3-4BAE-89CB-E6954703E0F4}"
EndProject
Project("{8BC9CEB8-8B4A-11D0-8D11-00A0C91BC942}") = "test_geodesy", "tests\test_geodesy\test_geodesy.vcxproj", "{5A6A6395-096B-4055-BDBD-EB6A72AFFF9B}"
EndProject
Project("{8BC9CEB8-8B4A-11D0-8D11-00A0C91BC942}") = "test_astronomy", "tests\test_astronomy\test_astronomy.vcxproj", "{16954007-90A4-400C-8C55-BC4A06D5AA28}"
EndProject
Project("{8BC9CEB8-8B4A-11D0-8D11-00A0C91BC942}") = "test_perturbation", "tests\test_perturbation\test_perturbation.vcxproj", "{978E0ECD-3BCD-4B36-A352-E25DF65A07CF}"
EndProject
Project("{8BC9CEB8-8B4A-11D0-8D11-00A0C91BC942}") = "test_tle", "tests\test_tle\test_tle.vcxproj", "{52A7163C-A501-4038-A68F-271536B9DBB4}"
EndProject
Project("{8BC9CEB8-8B4A-11D0-8D11-00A0C91BC942}") = "test_sgp4", "tests\test_sgp4\test_sgp4.vcxproj", "{7967736C-56CE-41A9-8320-EC334932196C}"
EndProject
Project("{8BC9CEB8-8B4A-11D0-8D11-00A0C91BC942}") = "test_wgs84", "tests\test_wgs84\test_wgs84.vcxproj", "{E797CB02-CF38-429C-BC42-45F95CB81B98}"
EndProject
Project("{8BC9CEB8-8B4A-11D0-8D11-00A0C91BC942}") = "test_dual_number", "tests\test_dual_number\test_dual_number.vcxproj", "{7E4D5B2A-9F1C-4E3B-A8D7-1F6B2E4C9A50}"
EndProject
Project("{8BC9CEB8-8B4A-11D0-8D11-00A0C91BC942}") = "test_quaternion", "tests\test_quaternion\test_quaternion.vcxproj", "{3C8A2D6F-1B5E-4C9A-B7E2-5D8F1A3B6C7E}"
EndProject
Project("{8BC9CEB8-8B4A-11D0-8D11-00A0C91BC942}") = "test_dual_quaternion", "tests\test_dual_quaternion\test_dual_quaternion.vcxproj", "{9F2E5B7C-4A1D-4E8B-A6F3-2C5B8E1D4F7A}"
EndProject
Project("{8BC9CEB8-8B4A-11D0-8D11-00A0C91BC942}") = "test_propagator", "tests\test_propagator\test_propagator.vcxproj", "{5B7C9E2A-1F4D-4C6A-B8E5-3F2A1B7C4E9D}"
EndProject
Project("{8BC9CEB8-8B4A-11D0-8D11-00A0C91BC942}") = "test_force_models", "tests\test_force_models\test_force_models.vcxproj", "{BE2A46BE-A77D-43E7-B0A6-C44D9A808DE9}"
EndProject
Project("{8BC9CEB8-8B4A-11D0-8D11-00A0C91BC942}") = "test_tracked_exp_log", "tests\test_tracked_exp_log\test_tracked_exp_log.vcxproj", "{CAB724B0-062D-4740-A3A7-843ABC65A3A0}"
EndProject
Project("{8BC9CEB8-8B4A-11D0-8D11-00A0C91BC942}") = "test_tracked_pow_cbrt", "tests\test_tracked_pow_cbrt\test_tracked_pow_cbrt.vcxproj", "{77B9B655-4DD6-4B20-9272-24CB07986D0B}"
EndProject
Project("{8BC9CEB8-8B4A-11D0-8D11-00A0C91BC942}") = "test_constant_representation", "tests\test_constant_representation\test_constant_representation.vcxproj", "{8A11B23F-1E97-4F4D-9EFD-29FEEFFCB0A8}"
EndProject
Project("{8BC9CEB8-8B4A-11D0-8D11-00A0C91BC942}") = "test_earth_constants", "tests\test_earth_constants\test_earth_constants.vcxproj", "{8546E4B7-1D7E-41CA-9259-5F98A5F092CD}"
EndProject
Project("{8BC9CEB8-8B4A-11D0-8D11-00A0C91BC942}") = "test_earth_models", "tests\test_earth_models\test_earth_models.vcxproj", "{9B0E2C55-D3E0-413F-B445-E89B4E600CC1}"
EndProject
Project("{8BC9CEB8-8B4A-11D0-8D11-00A0C91BC942}") = "test_state_conversion", "tests\test_state_conversion\test_state_conversion.vcxproj", "{588087EC-9E35-4786-A03E-BF0726DCAC85}"
EndProject
Project("{8BC9CEB8-8B4A-11D0-8D11-00A0C91BC942}") = "test_celestial_body_fields", "tests\test_celestial_body_fields\test_celestial_body_fields.vcxproj", "{EA02EBF6-3814-4730-B485-3C995BFF14B9}"
EndProject
Project("{8BC9CEB8-8B4A-11D0-8D11-00A0C91BC942}") = "test_zonal_harmonics", "tests\test_zonal_harmonics\test_zonal_harmonics.vcxproj", "{A101DC99-0FCB-4A2F-8FE9-870C5645603C}"
EndProject
Project("{8BC9CEB8-8B4A-11D0-8D11-00A0C91BC942}") = "test_sgp4_regression", "tests\test_sgp4_regression\test_sgp4_regression.vcxproj", "{C06C4CF0-9F62-499C-8771-B67E1C25DD11}"
EndProject
Project("{8BC9CEB8-8B4A-11D0-8D11-00A0C91BC942}") = "test_constants_single_source", "tests\test_constants_single_source\test_constants_single_source.vcxproj", "{B4E6553C-5C1B-40EE-BBBB-8D1632D5DD63}"
EndProject
Project("{8BC9CEB8-8B4A-11D0-8D11-00A0C91BC942}") = "test_gravity_zonal_jn", "tests\test_gravity_zonal_jn\test_gravity_zonal_jn.vcxproj", "{0B87E715-9798-47F4-88F0-BD1F8FCAB392}"
EndProject
Project("{8BC9CEB8-8B4A-11D0-8D11-00A0C91BC942}") = "test_api_parity", "tests\test_api_parity\test_api_parity.vcxproj", "{2CE2A24B-F6BA-4981-98E5-C90828FBB689}"
EndProject
Project("{8BC9CEB8-8B4A-11D0-8D11-00A0C91BC942}") = "test_tle_alpha5", "tests\test_tle_alpha5\test_tle_alpha5.vcxproj", "{B2D7A2AB-A9D7-4883-ABB1-1ADD8E8775BE}"
EndProject
Project("{8BC9CEB8-8B4A-11D0-8D11-00A0C91BC942}") = "test_omm_kvn", "tests\test_omm_kvn\test_omm_kvn.vcxproj", "{BA42D6E6-8CCC-4487-96D2-E0D82691D7E0}"
EndProject
Project("{8BC9CEB8-8B4A-11D0-8D11-00A0C91BC942}") = "test_modes", "tests\test_modes\test_modes.vcxproj", "{6CDDDE2E-717E-42CB-AD79-1A9A7FA00A24}"
EndProject
Project("{8BC9CEB8-8B4A-11D0-8D11-00A0C91BC942}") = "test_adaptive_stepping", "tests\test_adaptive_stepping\test_adaptive_stepping.vcxproj", "{77E76B45-8984-454E-A452-B9EB5A209967}"
EndProject
Project("{8BC9CEB8-8B4A-11D0-8D11-00A0C91BC942}") = "test_code_consistency", "tests\test_code_consistency\test_code_consistency.vcxproj", "{4DD0BA89-7259-4A74-9DA4-F250EBE7DFC5}"
EndProject
Project("{8BC9CEB8-8B4A-11D0-8D11-00A0C91BC942}") = "test_error_framework", "tests\test_error_framework\test_error_framework.vcxproj", "{56AB9AFC-C7F0-4E51-B291-4D5B9E4D1250}"
EndProject
Project("{8BC9CEB8-8B4A-11D0-8D11-00A0C91BC942}") = "test_model_value", "tests\test_model_value\test_model_value.vcxproj", "{50D5C65B-85C5-4C15-AA3A-07FEF81EF66D}"
EndProject
Project("{8BC9CEB8-8B4A-11D0-8D11-00A0C91BC942}") = "test_integrator_rkf78", "tests\test_integrator_rkf78\test_integrator_rkf78.vcxproj", "{BBFC715F-5346-41B9-B565-FBB4B904C293}"
EndProject
Project("{8BC9CEB8-8B4A-11D0-8D11-00A0C91BC942}") = "test_butcher_tableau", "tests\test_butcher_tableau\test_butcher_tableau.vcxproj", "{F9E6C294-E035-41C9-9D04-584F1AC38438}"
EndProject
Project("{8BC9CEB8-8B4A-11D0-8D11-00A0C91BC942}") = "test_integrator_symplectic", "tests\test_integrator_symplectic\test_integrator_symplectic.vcxproj", "{7F83C9F6-4F08-4EBC-BEC4-BF09739921A6}"
EndProject
Project("{8BC9CEB8-8B4A-11D0-8D11-00A0C91BC942}") = "test_integrator_order", "tests\test_integrator_order\test_integrator_order.vcxproj", "{52897909-04B4-464C-9E29-6045B413AA83}"
EndProject
Project("{8BC9CEB8-8B4A-11D0-8D11-00A0C91BC942}") = "test_precision_scaling", "tests\test_precision_scaling\test_precision_scaling.vcxproj", "{0B6661DF-CE5D-410B-98AF-EE323D1A2A4D}"
EndProject
Project("{8BC9CEB8-8B4A-11D0-8D11-00A0C91BC942}") = "test_constants_swap", "tests\test_constants_swap\test_constants_swap.vcxproj", "{E1ED71B8-F382-42AB-8DFA-6758C189095B}"
EndProject
Project("{8BC9CEB8-8B4A-11D0-8D11-00A0C91BC942}") = "test_tracked_transcendentals", "tests\test_tracked_transcendentals\test_tracked_transcendentals.vcxproj", "{160072F8-7978-43ED-804A-0A204E418C5E}"
EndProject
Project("{8BC9CEB8-8B4A-11D0-8D11-00A0C91BC942}") = "test_sdp4_precision", "tests\test_sdp4_precision\test_sdp4_precision.vcxproj", "{BB00D43E-018F-46E9-A6E4-827BD1D5C8C4}"
EndProject
Project("{8BC9CEB8-8B4A-11D0-8D11-00A0C91BC942}") = "test_drag_density", "tests\test_drag_density\test_drag_density.vcxproj", "{E7AC482F-1FA1-4D6D-A5C0-37153A752E3E}"
EndProject
Project("{8BC9CEB8-8B4A-11D0-8D11-00A0C91BC942}") = "test_atmosphere", "tests\test_atmosphere\test_atmosphere.vcxproj", "{55AFACF1-5720-4D16-8217-8F2081EBE8CF}"
EndProject
Project("{8BC9CEB8-8B4A-11D0-8D11-00A0C91BC942}") = "test_srp", "tests\test_srp\test_srp.vcxproj", "{184B70EB-BB01-4509-B86F-3D20E5D4B71C}"
EndProject
Project("{8BC9CEB8-8B4A-11D0-8D11-00A0C91BC942}") = "test_force_presets", "tests\test_force_presets\test_force_presets.vcxproj", "{C940AA8A-F99F-406C-A860-B15837BCB960}"
EndProject
Project("{8BC9CEB8-8B4A-11D0-8D11-00A0C91BC942}") = "test_ephemeris", "tests\test_ephemeris\test_ephemeris.vcxproj", "{7B70FFF5-3D2A-4150-9C96-78903E92CBEE}"
EndProject
Project("{8BC9CEB8-8B4A-11D0-8D11-00A0C91BC942}") = "test_tesseral", "tests\test_tesseral\test_tesseral.vcxproj", "{F5199F8C-89DD-485E-9D0E-FAE59A345885}"
EndProject
Project("{8BC9CEB8-8B4A-11D0-8D11-00A0C91BC942}") = "test_injection", "tests\test_injection\test_injection.vcxproj", "{77CB3A9C-E244-493E-A506-2E92D44E7F17}"
EndProject
Project("{8BC9CEB8-8B4A-11D0-8D11-00A0C91BC942}") = "test_omm_xml", "tests\test_omm_xml\test_omm_xml.vcxproj", "{ABB2BFB1-53DA-4AA2-9D12-B402994264C3}"
EndProject
Project("{8BC9CEB8-8B4A-11D0-8D11-00A0C91BC942}") = "test_attitude_dynamics", "tests\test_attitude_dynamics\test_attitude_dynamics.vcxproj", "{DBD39E3A-F0A6-45E6-B330-C0460CD05E41}"
EndProject
Project("{8BC9CEB8-8B4A-11D0-8D11-00A0C91BC942}") = "test_series_constants", "tests\test_series_constants\test_series_constants.vcxproj", "{C4A25CA7-446D-44E4-B1A6-15D92094700F}"
EndProject
Project("{8BC9CEB8-8B4A-11D0-8D11-00A0C91BC942}") = "test_time_scales", "tests\test_time_scales\test_time_scales.vcxproj", "{F9749AA5-5595-4B90-8D26-7A6EED23BA56}"
EndProject
Project("{8BC9CEB8-8B4A-11D0-8D11-00A0C91BC942}") = "test_reference_frames", "tests\test_reference_frames\test_reference_frames.vcxproj", "{689E8561-FBE9-4DEE-ACAA-295998DACE4E}"
EndProject
Project("{8BC9CEB8-8B4A-11D0-8D11-00A0C91BC942}") = "test_frame_chain", "tests\test_frame_chain\test_frame_chain.vcxproj", "{A6221EE4-26B5-4D97-B3D1-981A013EAB78}"
EndProject
Project("{8BC9CEB8-8B4A-11D0-8D11-00A0C91BC942}") = "test_third_body", "tests\test_third_body\test_third_body.vcxproj", "{925CE33D-DBDF-48B6-975F-59B190B4E662}"
EndProject
Project("{8BC9CEB8-8B4A-11D0-8D11-00A0C91BC942}") = "test_dq_precision", "tests\test_dq_precision\test_dq_precision.vcxproj", "{107F6F85-1A13-4C11-BAFD-81A23762264C}"
EndProject
Project("{8BC9CEB8-8B4A-11D0-8D11-00A0C91BC942}") = "test_nutation", "tests\test_nutation\test_nutation.vcxproj", "{31823E56-4C03-42BE-B33F-2016C5E95C05}"
EndProject
Project("{8BC9CEB8-8B4A-11D0-8D11-00A0C91BC942}") = "example_ground_track", "examples\example_ground_track.vcxproj", "{739B6F28-449C-470E-83DF-3F75E5EFB237}"
EndProject
Project("{8BC9CEB8-8B4A-11D0-8D11-00A0C91BC942}") = "example_quickstart", "examples\example_quickstart.vcxproj", "{CBD574B5-2E90-4D61-8A59-CFEDF37434B7}"
EndProject
Project("{2150E333-8FDC-42A3-9474-1A3956D46DE1}") = "Library", "Library", "{889C4CDE-3448-4EC2-97B2-B97C5E4FD691}"
EndProject
Project("{2150E333-8FDC-42A3-9474-1A3956D46DE1}") = "Tests - Core Math", "Tests - Core Math", "{0BA64DA2-769A-4EFE-8181-AD747FDE1D51}"
EndProject
Project("{2150E333-8FDC-42A3-9474-1A3956D46DE1}") = "Tests - Constants and Geodesy", "Tests - Constants and Geodesy", "{013D3DDD-144A-4265-986E-6671521C4FD0}"
EndProject
Project("{2150E333-8FDC-42A3-9474-1A3956D46DE1}") = "Tests - SGP4 and Propagation", "Tests - SGP4 and Propagation", "{90312ADF-CBB7-4D8E-9ADB-E9DCB035DA6E}"
EndProject
Project("{2150E333-8FDC-42A3-9474-1A3956D46DE1}") = "Tests - Astronomy TLE and Dynamics", "Tests - Astronomy TLE and Dynamics", "{5A483409-9C90-4B8D-BE2C-EC573533F9AC}"
EndProject
Project("{2150E333-8FDC-42A3-9474-1A3956D46DE1}") = "Tests - Tooling", "Tests - Tooling", "{43AF974B-8D21-4C0B-AE25-9E3C5C2073A5}"
EndProject
Project("{8BC9CEB8-8B4A-11D0-8D11-00A0C91BC942}") = "test_geopotential", "tests\test_geopotential\test_geopotential.vcxproj", "{2D62EB8A-821C-4847-B28A-381EE207526B}"
EndProject
Global
	GlobalSection(SolutionConfigurationPlatforms) = preSolution
		Debug|x64 = Debug|x64
		Release|x64 = Release|x64
	EndGlobalSection
	GlobalSection(ProjectConfigurationPlatforms) = postSolution
		{DA9D6B5F-0505-499F-BA9C-492AFB2AD6C9}.Debug|x64.ActiveCfg = Debug|x64
		{DA9D6B5F-0505-499F-BA9C-492AFB2AD6C9}.Debug|x64.Build.0 = Debug|x64
		{DA9D6B5F-0505-499F-BA9C-492AFB2AD6C9}.Release|x64.ActiveCfg = Release|x64
		{DA9D6B5F-0505-499F-BA9C-492AFB2AD6C9}.Release|x64.Build.0 = Release|x64
		{5418FA61-38A3-4BAE-89CB-E6954703E0F4}.Debug|x64.ActiveCfg = Debug|x64
		{5418FA61-38A3-4BAE-89CB-E6954703E0F4}.Debug|x64.Build.0 = Debug|x64
		{5418FA61-38A3-4BAE-89CB-E6954703E0F4}.Release|x64.ActiveCfg = Release|x64
		{5418FA61-38A3-4BAE-89CB-E6954703E0F4}.Release|x64.Build.0 = Release|x64
		{5A6A6395-096B-4055-BDBD-EB6A72AFFF9B}.Debug|x64.ActiveCfg = Debug|x64
		{5A6A6395-096B-4055-BDBD-EB6A72AFFF9B}.Debug|x64.Build.0 = Debug|x64
		{5A6A6395-096B-4055-BDBD-EB6A72AFFF9B}.Release|x64.ActiveCfg = Release|x64
		{5A6A6395-096B-4055-BDBD-EB6A72AFFF9B}.Release|x64.Build.0 = Release|x64
		{16954007-90A4-400C-8C55-BC4A06D5AA28}.Debug|x64.ActiveCfg = Debug|x64
		{16954007-90A4-400C-8C55-BC4A06D5AA28}.Debug|x64.Build.0 = Debug|x64
		{16954007-90A4-400C-8C55-BC4A06D5AA28}.Release|x64.ActiveCfg = Release|x64
		{16954007-90A4-400C-8C55-BC4A06D5AA28}.Release|x64.Build.0 = Release|x64
		{978E0ECD-3BCD-4B36-A352-E25DF65A07CF}.Debug|x64.ActiveCfg = Debug|x64
		{978E0ECD-3BCD-4B36-A352-E25DF65A07CF}.Debug|x64.Build.0 = Debug|x64
		{978E0ECD-3BCD-4B36-A352-E25DF65A07CF}.Release|x64.ActiveCfg = Release|x64
		{978E0ECD-3BCD-4B36-A352-E25DF65A07CF}.Release|x64.Build.0 = Release|x64
		{52A7163C-A501-4038-A68F-271536B9DBB4}.Debug|x64.ActiveCfg = Debug|x64
		{52A7163C-A501-4038-A68F-271536B9DBB4}.Debug|x64.Build.0 = Debug|x64
		{52A7163C-A501-4038-A68F-271536B9DBB4}.Release|x64.ActiveCfg = Release|x64
		{52A7163C-A501-4038-A68F-271536B9DBB4}.Release|x64.Build.0 = Release|x64
		{7967736C-56CE-41A9-8320-EC334932196C}.Debug|x64.ActiveCfg = Debug|x64
		{7967736C-56CE-41A9-8320-EC334932196C}.Debug|x64.Build.0 = Debug|x64
		{7967736C-56CE-41A9-8320-EC334932196C}.Release|x64.ActiveCfg = Release|x64
		{7967736C-56CE-41A9-8320-EC334932196C}.Release|x64.Build.0 = Release|x64
		{E797CB02-CF38-429C-BC42-45F95CB81B98}.Debug|x64.ActiveCfg = Debug|x64
		{E797CB02-CF38-429C-BC42-45F95CB81B98}.Debug|x64.Build.0 = Debug|x64
		{E797CB02-CF38-429C-BC42-45F95CB81B98}.Release|x64.ActiveCfg = Release|x64
		{E797CB02-CF38-429C-BC42-45F95CB81B98}.Release|x64.Build.0 = Release|x64
		{7E4D5B2A-9F1C-4E3B-A8D7-1F6B2E4C9A50}.Debug|x64.ActiveCfg = Debug|x64
		{7E4D5B2A-9F1C-4E3B-A8D7-1F6B2E4C9A50}.Debug|x64.Build.0 = Debug|x64
		{7E4D5B2A-9F1C-4E3B-A8D7-1F6B2E4C9A50}.Release|x64.ActiveCfg = Release|x64
		{7E4D5B2A-9F1C-4E3B-A8D7-1F6B2E4C9A50}.Release|x64.Build.0 = Release|x64
		{3C8A2D6F-1B5E-4C9A-B7E2-5D8F1A3B6C7E}.Debug|x64.ActiveCfg = Debug|x64
		{3C8A2D6F-1B5E-4C9A-B7E2-5D8F1A3B6C7E}.Debug|x64.Build.0 = Debug|x64
		{3C8A2D6F-1B5E-4C9A-B7E2-5D8F1A3B6C7E}.Release|x64.ActiveCfg = Release|x64
		{3C8A2D6F-1B5E-4C9A-B7E2-5D8F1A3B6C7E}.Release|x64.Build.0 = Release|x64
		{9F2E5B7C-4A1D-4E8B-A6F3-2C5B8E1D4F7A}.Debug|x64.ActiveCfg = Debug|x64
		{9F2E5B7C-4A1D-4E8B-A6F3-2C5B8E1D4F7A}.Debug|x64.Build.0 = Debug|x64
		{9F2E5B7C-4A1D-4E8B-A6F3-2C5B8E1D4F7A}.Release|x64.ActiveCfg = Release|x64
		{9F2E5B7C-4A1D-4E8B-A6F3-2C5B8E1D4F7A}.Release|x64.Build.0 = Release|x64
		{5B7C9E2A-1F4D-4C6A-B8E5-3F2A1B7C4E9D}.Debug|x64.ActiveCfg = Debug|x64
		{5B7C9E2A-1F4D-4C6A-B8E5-3F2A1B7C4E9D}.Debug|x64.Build.0 = Debug|x64
		{5B7C9E2A-1F4D-4C6A-B8E5-3F2A1B7C4E9D}.Release|x64.ActiveCfg = Release|x64
		{5B7C9E2A-1F4D-4C6A-B8E5-3F2A1B7C4E9D}.Release|x64.Build.0 = Release|x64
		{BE2A46BE-A77D-43E7-B0A6-C44D9A808DE9}.Debug|x64.ActiveCfg = Debug|x64
		{BE2A46BE-A77D-43E7-B0A6-C44D9A808DE9}.Debug|x64.Build.0 = Debug|x64
		{BE2A46BE-A77D-43E7-B0A6-C44D9A808DE9}.Release|x64.ActiveCfg = Release|x64
		{BE2A46BE-A77D-43E7-B0A6-C44D9A808DE9}.Release|x64.Build.0 = Release|x64
		{CAB724B0-062D-4740-A3A7-843ABC65A3A0}.Debug|x64.ActiveCfg = Debug|x64
		{CAB724B0-062D-4740-A3A7-843ABC65A3A0}.Debug|x64.Build.0 = Debug|x64
		{CAB724B0-062D-4740-A3A7-843ABC65A3A0}.Release|x64.ActiveCfg = Release|x64
		{CAB724B0-062D-4740-A3A7-843ABC65A3A0}.Release|x64.Build.0 = Release|x64
		{77B9B655-4DD6-4B20-9272-24CB07986D0B}.Debug|x64.ActiveCfg = Debug|x64
		{77B9B655-4DD6-4B20-9272-24CB07986D0B}.Debug|x64.Build.0 = Debug|x64
		{77B9B655-4DD6-4B20-9272-24CB07986D0B}.Release|x64.ActiveCfg = Release|x64
		{77B9B655-4DD6-4B20-9272-24CB07986D0B}.Release|x64.Build.0 = Release|x64
		{8A11B23F-1E97-4F4D-9EFD-29FEEFFCB0A8}.Debug|x64.ActiveCfg = Debug|x64
		{8A11B23F-1E97-4F4D-9EFD-29FEEFFCB0A8}.Debug|x64.Build.0 = Debug|x64
		{8A11B23F-1E97-4F4D-9EFD-29FEEFFCB0A8}.Release|x64.ActiveCfg = Release|x64
		{8A11B23F-1E97-4F4D-9EFD-29FEEFFCB0A8}.Release|x64.Build.0 = Release|x64
		{8546E4B7-1D7E-41CA-9259-5F98A5F092CD}.Debug|x64.ActiveCfg = Debug|x64
		{8546E4B7-1D7E-41CA-9259-5F98A5F092CD}.Debug|x64.Build.0 = Debug|x64
		{8546E4B7-1D7E-41CA-9259-5F98A5F092CD}.Release|x64.ActiveCfg = Release|x64
		{8546E4B7-1D7E-41CA-9259-5F98A5F092CD}.Release|x64.Build.0 = Release|x64
		{9B0E2C55-D3E0-413F-B445-E89B4E600CC1}.Debug|x64.ActiveCfg = Debug|x64
		{9B0E2C55-D3E0-413F-B445-E89B4E600CC1}.Debug|x64.Build.0 = Debug|x64
		{9B0E2C55-D3E0-413F-B445-E89B4E600CC1}.Release|x64.ActiveCfg = Release|x64
		{9B0E2C55-D3E0-413F-B445-E89B4E600CC1}.Release|x64.Build.0 = Release|x64
		{588087EC-9E35-4786-A03E-BF0726DCAC85}.Debug|x64.ActiveCfg = Debug|x64
		{588087EC-9E35-4786-A03E-BF0726DCAC85}.Debug|x64.Build.0 = Debug|x64
		{588087EC-9E35-4786-A03E-BF0726DCAC85}.Release|x64.ActiveCfg = Release|x64
		{588087EC-9E35-4786-A03E-BF0726DCAC85}.Release|x64.Build.0 = Release|x64
		{EA02EBF6-3814-4730-B485-3C995BFF14B9}.Debug|x64.ActiveCfg = Debug|x64
		{EA02EBF6-3814-4730-B485-3C995BFF14B9}.Debug|x64.Build.0 = Debug|x64
		{EA02EBF6-3814-4730-B485-3C995BFF14B9}.Release|x64.ActiveCfg = Release|x64
		{EA02EBF6-3814-4730-B485-3C995BFF14B9}.Release|x64.Build.0 = Release|x64
		{A101DC99-0FCB-4A2F-8FE9-870C5645603C}.Debug|x64.ActiveCfg = Debug|x64
		{A101DC99-0FCB-4A2F-8FE9-870C5645603C}.Debug|x64.Build.0 = Debug|x64
		{A101DC99-0FCB-4A2F-8FE9-870C5645603C}.Release|x64.ActiveCfg = Release|x64
		{A101DC99-0FCB-4A2F-8FE9-870C5645603C}.Release|x64.Build.0 = Release|x64
		{C06C4CF0-9F62-499C-8771-B67E1C25DD11}.Debug|x64.ActiveCfg = Debug|x64
		{C06C4CF0-9F62-499C-8771-B67E1C25DD11}.Debug|x64.Build.0 = Debug|x64
		{C06C4CF0-9F62-499C-8771-B67E1C25DD11}.Release|x64.ActiveCfg = Release|x64
		{C06C4CF0-9F62-499C-8771-B67E1C25DD11}.Release|x64.Build.0 = Release|x64
		{B4E6553C-5C1B-40EE-BBBB-8D1632D5DD63}.Debug|x64.ActiveCfg = Debug|x64
		{B4E6553C-5C1B-40EE-BBBB-8D1632D5DD63}.Debug|x64.Build.0 = Debug|x64
		{B4E6553C-5C1B-40EE-BBBB-8D1632D5DD63}.Release|x64.ActiveCfg = Release|x64
		{B4E6553C-5C1B-40EE-BBBB-8D1632D5DD63}.Release|x64.Build.0 = Release|x64
		{0B87E715-9798-47F4-88F0-BD1F8FCAB392}.Debug|x64.ActiveCfg = Debug|x64
		{0B87E715-9798-47F4-88F0-BD1F8FCAB392}.Debug|x64.Build.0 = Debug|x64
		{0B87E715-9798-47F4-88F0-BD1F8FCAB392}.Release|x64.ActiveCfg = Release|x64
		{0B87E715-9798-47F4-88F0-BD1F8FCAB392}.Release|x64.Build.0 = Release|x64
		{2CE2A24B-F6BA-4981-98E5-C90828FBB689}.Debug|x64.ActiveCfg = Debug|x64
		{2CE2A24B-F6BA-4981-98E5-C90828FBB689}.Debug|x64.Build.0 = Debug|x64
		{2CE2A24B-F6BA-4981-98E5-C90828FBB689}.Release|x64.ActiveCfg = Release|x64
		{2CE2A24B-F6BA-4981-98E5-C90828FBB689}.Release|x64.Build.0 = Release|x64
		{B2D7A2AB-A9D7-4883-ABB1-1ADD8E8775BE}.Debug|x64.ActiveCfg = Debug|x64
		{B2D7A2AB-A9D7-4883-ABB1-1ADD8E8775BE}.Debug|x64.Build.0 = Debug|x64
		{B2D7A2AB-A9D7-4883-ABB1-1ADD8E8775BE}.Release|x64.ActiveCfg = Release|x64
		{B2D7A2AB-A9D7-4883-ABB1-1ADD8E8775BE}.Release|x64.Build.0 = Release|x64
		{BA42D6E6-8CCC-4487-96D2-E0D82691D7E0}.Debug|x64.ActiveCfg = Debug|x64
		{BA42D6E6-8CCC-4487-96D2-E0D82691D7E0}.Debug|x64.Build.0 = Debug|x64
		{BA42D6E6-8CCC-4487-96D2-E0D82691D7E0}.Release|x64.ActiveCfg = Release|x64
		{BA42D6E6-8CCC-4487-96D2-E0D82691D7E0}.Release|x64.Build.0 = Release|x64
		{6CDDDE2E-717E-42CB-AD79-1A9A7FA00A24}.Debug|x64.ActiveCfg = Debug|x64
		{6CDDDE2E-717E-42CB-AD79-1A9A7FA00A24}.Debug|x64.Build.0 = Debug|x64
		{6CDDDE2E-717E-42CB-AD79-1A9A7FA00A24}.Release|x64.ActiveCfg = Release|x64
		{6CDDDE2E-717E-42CB-AD79-1A9A7FA00A24}.Release|x64.Build.0 = Release|x64
		{77E76B45-8984-454E-A452-B9EB5A209967}.Debug|x64.ActiveCfg = Debug|x64
		{77E76B45-8984-454E-A452-B9EB5A209967}.Debug|x64.Build.0 = Debug|x64
		{77E76B45-8984-454E-A452-B9EB5A209967}.Release|x64.ActiveCfg = Release|x64
		{77E76B45-8984-454E-A452-B9EB5A209967}.Release|x64.Build.0 = Release|x64
		{4DD0BA89-7259-4A74-9DA4-F250EBE7DFC5}.Debug|x64.ActiveCfg = Debug|x64
		{4DD0BA89-7259-4A74-9DA4-F250EBE7DFC5}.Debug|x64.Build.0 = Debug|x64
		{4DD0BA89-7259-4A74-9DA4-F250EBE7DFC5}.Release|x64.ActiveCfg = Release|x64
		{4DD0BA89-7259-4A74-9DA4-F250EBE7DFC5}.Release|x64.Build.0 = Release|x64
		{56AB9AFC-C7F0-4E51-B291-4D5B9E4D1250}.Debug|x64.ActiveCfg = Debug|x64
		{56AB9AFC-C7F0-4E51-B291-4D5B9E4D1250}.Debug|x64.Build.0 = Debug|x64
		{56AB9AFC-C7F0-4E51-B291-4D5B9E4D1250}.Release|x64.ActiveCfg = Release|x64
		{56AB9AFC-C7F0-4E51-B291-4D5B9E4D1250}.Release|x64.Build.0 = Release|x64
		{50D5C65B-85C5-4C15-AA3A-07FEF81EF66D}.Debug|x64.ActiveCfg = Debug|x64
		{50D5C65B-85C5-4C15-AA3A-07FEF81EF66D}.Debug|x64.Build.0 = Debug|x64
		{50D5C65B-85C5-4C15-AA3A-07FEF81EF66D}.Release|x64.ActiveCfg = Release|x64
		{50D5C65B-85C5-4C15-AA3A-07FEF81EF66D}.Release|x64.Build.0 = Release|x64
		{BBFC715F-5346-41B9-B565-FBB4B904C293}.Debug|x64.ActiveCfg = Debug|x64
		{BBFC715F-5346-41B9-B565-FBB4B904C293}.Debug|x64.Build.0 = Debug|x64
		{BBFC715F-5346-41B9-B565-FBB4B904C293}.Release|x64.ActiveCfg = Release|x64
		{BBFC715F-5346-41B9-B565-FBB4B904C293}.Release|x64.Build.0 = Release|x64
		{F9E6C294-E035-41C9-9D04-584F1AC38438}.Debug|x64.ActiveCfg = Debug|x64
		{F9E6C294-E035-41C9-9D04-584F1AC38438}.Debug|x64.Build.0 = Debug|x64
		{F9E6C294-E035-41C9-9D04-584F1AC38438}.Release|x64.ActiveCfg = Release|x64
		{F9E6C294-E035-41C9-9D04-584F1AC38438}.Release|x64.Build.0 = Release|x64
		{7F83C9F6-4F08-4EBC-BEC4-BF09739921A6}.Debug|x64.ActiveCfg = Debug|x64
		{7F83C9F6-4F08-4EBC-BEC4-BF09739921A6}.Debug|x64.Build.0 = Debug|x64
		{7F83C9F6-4F08-4EBC-BEC4-BF09739921A6}.Release|x64.ActiveCfg = Release|x64
		{7F83C9F6-4F08-4EBC-BEC4-BF09739921A6}.Release|x64.Build.0 = Release|x64
		{52897909-04B4-464C-9E29-6045B413AA83}.Debug|x64.ActiveCfg = Debug|x64
		{52897909-04B4-464C-9E29-6045B413AA83}.Debug|x64.Build.0 = Debug|x64
		{52897909-04B4-464C-9E29-6045B413AA83}.Release|x64.ActiveCfg = Release|x64
		{52897909-04B4-464C-9E29-6045B413AA83}.Release|x64.Build.0 = Release|x64
		{0B6661DF-CE5D-410B-98AF-EE323D1A2A4D}.Debug|x64.ActiveCfg = Debug|x64
		{0B6661DF-CE5D-410B-98AF-EE323D1A2A4D}.Debug|x64.Build.0 = Debug|x64
		{0B6661DF-CE5D-410B-98AF-EE323D1A2A4D}.Release|x64.ActiveCfg = Release|x64
		{0B6661DF-CE5D-410B-98AF-EE323D1A2A4D}.Release|x64.Build.0 = Release|x64
		{E1ED71B8-F382-42AB-8DFA-6758C189095B}.Debug|x64.ActiveCfg = Debug|x64
		{E1ED71B8-F382-42AB-8DFA-6758C189095B}.Debug|x64.Build.0 = Debug|x64
		{E1ED71B8-F382-42AB-8DFA-6758C189095B}.Release|x64.ActiveCfg = Release|x64
		{E1ED71B8-F382-42AB-8DFA-6758C189095B}.Release|x64.Build.0 = Release|x64
		{160072F8-7978-43ED-804A-0A204E418C5E}.Debug|x64.ActiveCfg = Debug|x64
		{160072F8-7978-43ED-804A-0A204E418C5E}.Debug|x64.Build.0 = Debug|x64
		{160072F8-7978-43ED-804A-0A204E418C5E}.Release|x64.ActiveCfg = Release|x64
		{160072F8-7978-43ED-804A-0A204E418C5E}.Release|x64.Build.0 = Release|x64
		{BB00D43E-018F-46E9-A6E4-827BD1D5C8C4}.Debug|x64.ActiveCfg = Debug|x64
		{BB00D43E-018F-46E9-A6E4-827BD1D5C8C4}.Debug|x64.Build.0 = Debug|x64
		{BB00D43E-018F-46E9-A6E4-827BD1D5C8C4}.Release|x64.ActiveCfg = Release|x64
		{BB00D43E-018F-46E9-A6E4-827BD1D5C8C4}.Release|x64.Build.0 = Release|x64
		{E7AC482F-1FA1-4D6D-A5C0-37153A752E3E}.Debug|x64.ActiveCfg = Debug|x64
		{E7AC482F-1FA1-4D6D-A5C0-37153A752E3E}.Debug|x64.Build.0 = Debug|x64
		{E7AC482F-1FA1-4D6D-A5C0-37153A752E3E}.Release|x64.ActiveCfg = Release|x64
		{E7AC482F-1FA1-4D6D-A5C0-37153A752E3E}.Release|x64.Build.0 = Release|x64
		{55AFACF1-5720-4D16-8217-8F2081EBE8CF}.Debug|x64.ActiveCfg = Debug|x64
		{55AFACF1-5720-4D16-8217-8F2081EBE8CF}.Debug|x64.Build.0 = Debug|x64
		{55AFACF1-5720-4D16-8217-8F2081EBE8CF}.Release|x64.ActiveCfg = Release|x64
		{55AFACF1-5720-4D16-8217-8F2081EBE8CF}.Release|x64.Build.0 = Release|x64
		{184B70EB-BB01-4509-B86F-3D20E5D4B71C}.Debug|x64.ActiveCfg = Debug|x64
		{184B70EB-BB01-4509-B86F-3D20E5D4B71C}.Debug|x64.Build.0 = Debug|x64
		{184B70EB-BB01-4509-B86F-3D20E5D4B71C}.Release|x64.ActiveCfg = Release|x64
		{184B70EB-BB01-4509-B86F-3D20E5D4B71C}.Release|x64.Build.0 = Release|x64
		{C940AA8A-F99F-406C-A860-B15837BCB960}.Debug|x64.ActiveCfg = Debug|x64
		{C940AA8A-F99F-406C-A860-B15837BCB960}.Debug|x64.Build.0 = Debug|x64
		{C940AA8A-F99F-406C-A860-B15837BCB960}.Release|x64.ActiveCfg = Release|x64
		{C940AA8A-F99F-406C-A860-B15837BCB960}.Release|x64.Build.0 = Release|x64
		{7B70FFF5-3D2A-4150-9C96-78903E92CBEE}.Debug|x64.ActiveCfg = Debug|x64
		{7B70FFF5-3D2A-4150-9C96-78903E92CBEE}.Debug|x64.Build.0 = Debug|x64
		{7B70FFF5-3D2A-4150-9C96-78903E92CBEE}.Release|x64.ActiveCfg = Release|x64
		{7B70FFF5-3D2A-4150-9C96-78903E92CBEE}.Release|x64.Build.0 = Release|x64
		{F5199F8C-89DD-485E-9D0E-FAE59A345885}.Debug|x64.ActiveCfg = Debug|x64
		{F5199F8C-89DD-485E-9D0E-FAE59A345885}.Debug|x64.Build.0 = Debug|x64
		{F5199F8C-89DD-485E-9D0E-FAE59A345885}.Release|x64.ActiveCfg = Release|x64
		{F5199F8C-89DD-485E-9D0E-FAE59A345885}.Release|x64.Build.0 = Release|x64
		{2D62EB8A-821C-4847-B28A-381EE207526B}.Debug|x64.ActiveCfg = Debug|x64
		{2D62EB8A-821C-4847-B28A-381EE207526B}.Debug|x64.Build.0 = Debug|x64
		{2D62EB8A-821C-4847-B28A-381EE207526B}.Release|x64.ActiveCfg = Release|x64
		{2D62EB8A-821C-4847-B28A-381EE207526B}.Release|x64.Build.0 = Release|x64
		{77CB3A9C-E244-493E-A506-2E92D44E7F17}.Debug|x64.ActiveCfg = Debug|x64
		{77CB3A9C-E244-493E-A506-2E92D44E7F17}.Debug|x64.Build.0 = Debug|x64
		{77CB3A9C-E244-493E-A506-2E92D44E7F17}.Release|x64.ActiveCfg = Release|x64
		{77CB3A9C-E244-493E-A506-2E92D44E7F17}.Release|x64.Build.0 = Release|x64
		{ABB2BFB1-53DA-4AA2-9D12-B402994264C3}.Debug|x64.ActiveCfg = Debug|x64
		{ABB2BFB1-53DA-4AA2-9D12-B402994264C3}.Debug|x64.Build.0 = Debug|x64
		{ABB2BFB1-53DA-4AA2-9D12-B402994264C3}.Release|x64.ActiveCfg = Release|x64
		{ABB2BFB1-53DA-4AA2-9D12-B402994264C3}.Release|x64.Build.0 = Release|x64
		{DBD39E3A-F0A6-45E6-B330-C0460CD05E41}.Debug|x64.ActiveCfg = Debug|x64
		{DBD39E3A-F0A6-45E6-B330-C0460CD05E41}.Debug|x64.Build.0 = Debug|x64
		{DBD39E3A-F0A6-45E6-B330-C0460CD05E41}.Release|x64.ActiveCfg = Release|x64
		{DBD39E3A-F0A6-45E6-B330-C0460CD05E41}.Release|x64.Build.0 = Release|x64
		{C4A25CA7-446D-44E4-B1A6-15D92094700F}.Debug|x64.ActiveCfg = Debug|x64
		{C4A25CA7-446D-44E4-B1A6-15D92094700F}.Debug|x64.Build.0 = Debug|x64
		{C4A25CA7-446D-44E4-B1A6-15D92094700F}.Release|x64.ActiveCfg = Release|x64
		{C4A25CA7-446D-44E4-B1A6-15D92094700F}.Release|x64.Build.0 = Release|x64
		{F9749AA5-5595-4B90-8D26-7A6EED23BA56}.Debug|x64.ActiveCfg = Debug|x64
		{F9749AA5-5595-4B90-8D26-7A6EED23BA56}.Debug|x64.Build.0 = Debug|x64
		{F9749AA5-5595-4B90-8D26-7A6EED23BA56}.Release|x64.ActiveCfg = Release|x64
		{F9749AA5-5595-4B90-8D26-7A6EED23BA56}.Release|x64.Build.0 = Release|x64
		{689E8561-FBE9-4DEE-ACAA-295998DACE4E}.Debug|x64.ActiveCfg = Debug|x64
		{689E8561-FBE9-4DEE-ACAA-295998DACE4E}.Debug|x64.Build.0 = Debug|x64
		{689E8561-FBE9-4DEE-ACAA-295998DACE4E}.Release|x64.ActiveCfg = Release|x64
		{689E8561-FBE9-4DEE-ACAA-295998DACE4E}.Release|x64.Build.0 = Release|x64
		{A6221EE4-26B5-4D97-B3D1-981A013EAB78}.Debug|x64.ActiveCfg = Debug|x64
		{A6221EE4-26B5-4D97-B3D1-981A013EAB78}.Debug|x64.Build.0 = Debug|x64
		{A6221EE4-26B5-4D97-B3D1-981A013EAB78}.Release|x64.ActiveCfg = Release|x64
		{A6221EE4-26B5-4D97-B3D1-981A013EAB78}.Release|x64.Build.0 = Release|x64
		{925CE33D-DBDF-48B6-975F-59B190B4E662}.Debug|x64.ActiveCfg = Debug|x64
		{925CE33D-DBDF-48B6-975F-59B190B4E662}.Debug|x64.Build.0 = Debug|x64
		{925CE33D-DBDF-48B6-975F-59B190B4E662}.Release|x64.ActiveCfg = Release|x64
		{925CE33D-DBDF-48B6-975F-59B190B4E662}.Release|x64.Build.0 = Release|x64
		{107F6F85-1A13-4C11-BAFD-81A23762264C}.Debug|x64.ActiveCfg = Debug|x64
		{107F6F85-1A13-4C11-BAFD-81A23762264C}.Debug|x64.Build.0 = Debug|x64
		{107F6F85-1A13-4C11-BAFD-81A23762264C}.Release|x64.ActiveCfg = Release|x64
		{107F6F85-1A13-4C11-BAFD-81A23762264C}.Release|x64.Build.0 = Release|x64
		{31823E56-4C03-42BE-B33F-2016C5E95C05}.Debug|x64.ActiveCfg = Debug|x64
		{31823E56-4C03-42BE-B33F-2016C5E95C05}.Debug|x64.Build.0 = Debug|x64
		{31823E56-4C03-42BE-B33F-2016C5E95C05}.Release|x64.ActiveCfg = Release|x64
		{31823E56-4C03-42BE-B33F-2016C5E95C05}.Release|x64.Build.0 = Release|x64
		{739B6F28-449C-470E-83DF-3F75E5EFB237}.Debug|x64.ActiveCfg = Debug|x64
		{739B6F28-449C-470E-83DF-3F75E5EFB237}.Debug|x64.Build.0 = Debug|x64
		{739B6F28-449C-470E-83DF-3F75E5EFB237}.Release|x64.ActiveCfg = Release|x64
		{739B6F28-449C-470E-83DF-3F75E5EFB237}.Release|x64.Build.0 = Release|x64
		{CBD574B5-2E90-4D61-8A59-CFEDF37434B7}.Debug|x64.ActiveCfg = Debug|x64
		{CBD574B5-2E90-4D61-8A59-CFEDF37434B7}.Debug|x64.Build.0 = Debug|x64
		{CBD574B5-2E90-4D61-8A59-CFEDF37434B7}.Release|x64.ActiveCfg = Release|x64
		{CBD574B5-2E90-4D61-8A59-CFEDF37434B7}.Release|x64.Build.0 = Release|x64
	EndGlobalSection
	GlobalSection(NestedProjects) = preSolution
		{DA9D6B5F-0505-499F-BA9C-492AFB2AD6C9} = {889C4CDE-3448-4EC2-97B2-B97C5E4FD691}
		{5418FA61-38A3-4BAE-89CB-E6954703E0F4} = {0BA64DA2-769A-4EFE-8181-AD747FDE1D51}
		{7E4D5B2A-9F1C-4E3B-A8D7-1F6B2E4C9A50} = {0BA64DA2-769A-4EFE-8181-AD747FDE1D51}
		{3C8A2D6F-1B5E-4C9A-B7E2-5D8F1A3B6C7E} = {0BA64DA2-769A-4EFE-8181-AD747FDE1D51}
		{9F2E5B7C-4A1D-4E8B-A6F3-2C5B8E1D4F7A} = {0BA64DA2-769A-4EFE-8181-AD747FDE1D51}
		{CAB724B0-062D-4740-A3A7-843ABC65A3A0} = {0BA64DA2-769A-4EFE-8181-AD747FDE1D51}
		{77B9B655-4DD6-4B20-9272-24CB07986D0B} = {0BA64DA2-769A-4EFE-8181-AD747FDE1D51}
		{160072F8-7978-43ED-804A-0A204E418C5E} = {0BA64DA2-769A-4EFE-8181-AD747FDE1D51}
		{56AB9AFC-C7F0-4E51-B291-4D5B9E4D1250} = {0BA64DA2-769A-4EFE-8181-AD747FDE1D51}
		{BBFC715F-5346-41B9-B565-FBB4B904C293} = {0BA64DA2-769A-4EFE-8181-AD747FDE1D51}
		{F9E6C294-E035-41C9-9D04-584F1AC38438} = {0BA64DA2-769A-4EFE-8181-AD747FDE1D51}
		{7F83C9F6-4F08-4EBC-BEC4-BF09739921A6} = {0BA64DA2-769A-4EFE-8181-AD747FDE1D51}
		{52897909-04B4-464C-9E29-6045B413AA83} = {0BA64DA2-769A-4EFE-8181-AD747FDE1D51}
		{0B6661DF-CE5D-410B-98AF-EE323D1A2A4D} = {0BA64DA2-769A-4EFE-8181-AD747FDE1D51}
		{5A6A6395-096B-4055-BDBD-EB6A72AFFF9B} = {013D3DDD-144A-4265-986E-6671521C4FD0}
		{E797CB02-CF38-429C-BC42-45F95CB81B98} = {013D3DDD-144A-4265-986E-6671521C4FD0}
		{8546E4B7-1D7E-41CA-9259-5F98A5F092CD} = {013D3DDD-144A-4265-986E-6671521C4FD0}
		{9B0E2C55-D3E0-413F-B445-E89B4E600CC1} = {013D3DDD-144A-4265-986E-6671521C4FD0}
		{8A11B23F-1E97-4F4D-9EFD-29FEEFFCB0A8} = {013D3DDD-144A-4265-986E-6671521C4FD0}
		{E1ED71B8-F382-42AB-8DFA-6758C189095B} = {013D3DDD-144A-4265-986E-6671521C4FD0}
		{B4E6553C-5C1B-40EE-BBBB-8D1632D5DD63} = {013D3DDD-144A-4265-986E-6671521C4FD0}
		{A101DC99-0FCB-4A2F-8FE9-870C5645603C} = {013D3DDD-144A-4265-986E-6671521C4FD0}
		{0B87E715-9798-47F4-88F0-BD1F8FCAB392} = {013D3DDD-144A-4265-986E-6671521C4FD0}
		{F5199F8C-89DD-485E-9D0E-FAE59A345885} = {013D3DDD-144A-4265-986E-6671521C4FD0}
		{2D62EB8A-821C-4847-B28A-381EE207526B} = {013D3DDD-144A-4265-986E-6671521C4FD0}
		{C4A25CA7-446D-44E4-B1A6-15D92094700F} = {013D3DDD-144A-4265-986E-6671521C4FD0}
		{50D5C65B-85C5-4C15-AA3A-07FEF81EF66D} = {013D3DDD-144A-4265-986E-6671521C4FD0}
		{7967736C-56CE-41A9-8320-EC334932196C} = {90312ADF-CBB7-4D8E-9ADB-E9DCB035DA6E}
		{C06C4CF0-9F62-499C-8771-B67E1C25DD11} = {90312ADF-CBB7-4D8E-9ADB-E9DCB035DA6E}
		{978E0ECD-3BCD-4B36-A352-E25DF65A07CF} = {90312ADF-CBB7-4D8E-9ADB-E9DCB035DA6E}
		{5B7C9E2A-1F4D-4C6A-B8E5-3F2A1B7C4E9D} = {90312ADF-CBB7-4D8E-9ADB-E9DCB035DA6E}
		{BE2A46BE-A77D-43E7-B0A6-C44D9A808DE9} = {90312ADF-CBB7-4D8E-9ADB-E9DCB035DA6E}
		{BB00D43E-018F-46E9-A6E4-827BD1D5C8C4} = {90312ADF-CBB7-4D8E-9ADB-E9DCB035DA6E}
		{77E76B45-8984-454E-A452-B9EB5A209967} = {90312ADF-CBB7-4D8E-9ADB-E9DCB035DA6E}
		{6CDDDE2E-717E-42CB-AD79-1A9A7FA00A24} = {90312ADF-CBB7-4D8E-9ADB-E9DCB035DA6E}
		{77CB3A9C-E244-493E-A506-2E92D44E7F17} = {90312ADF-CBB7-4D8E-9ADB-E9DCB035DA6E}
		{2CE2A24B-F6BA-4981-98E5-C90828FBB689} = {90312ADF-CBB7-4D8E-9ADB-E9DCB035DA6E}
		{588087EC-9E35-4786-A03E-BF0726DCAC85} = {90312ADF-CBB7-4D8E-9ADB-E9DCB035DA6E}
		{E7AC482F-1FA1-4D6D-A5C0-37153A752E3E} = {90312ADF-CBB7-4D8E-9ADB-E9DCB035DA6E}
		{55AFACF1-5720-4D16-8217-8F2081EBE8CF} = {90312ADF-CBB7-4D8E-9ADB-E9DCB035DA6E}
		{184B70EB-BB01-4509-B86F-3D20E5D4B71C} = {90312ADF-CBB7-4D8E-9ADB-E9DCB035DA6E}
		{C940AA8A-F99F-406C-A860-B15837BCB960} = {90312ADF-CBB7-4D8E-9ADB-E9DCB035DA6E}
		{16954007-90A4-400C-8C55-BC4A06D5AA28} = {5A483409-9C90-4B8D-BE2C-EC573533F9AC}
		{F9749AA5-5595-4B90-8D26-7A6EED23BA56} = {5A483409-9C90-4B8D-BE2C-EC573533F9AC}
		{52A7163C-A501-4038-A68F-271536B9DBB4} = {5A483409-9C90-4B8D-BE2C-EC573533F9AC}
		{B2D7A2AB-A9D7-4883-ABB1-1ADD8E8775BE} = {5A483409-9C90-4B8D-BE2C-EC573533F9AC}
		{BA42D6E6-8CCC-4487-96D2-E0D82691D7E0} = {5A483409-9C90-4B8D-BE2C-EC573533F9AC}
		{ABB2BFB1-53DA-4AA2-9D12-B402994264C3} = {5A483409-9C90-4B8D-BE2C-EC573533F9AC}
		{7B70FFF5-3D2A-4150-9C96-78903E92CBEE} = {5A483409-9C90-4B8D-BE2C-EC573533F9AC}
		{EA02EBF6-3814-4730-B485-3C995BFF14B9} = {5A483409-9C90-4B8D-BE2C-EC573533F9AC}
		{DBD39E3A-F0A6-45E6-B330-C0460CD05E41} = {5A483409-9C90-4B8D-BE2C-EC573533F9AC}
		{689E8561-FBE9-4DEE-ACAA-295998DACE4E} = {5A483409-9C90-4B8D-BE2C-EC573533F9AC}
		{A6221EE4-26B5-4D97-B3D1-981A013EAB78} = {5A483409-9C90-4B8D-BE2C-EC573533F9AC}
		{925CE33D-DBDF-48B6-975F-59B190B4E662} = {5A483409-9C90-4B8D-BE2C-EC573533F9AC}
		{107F6F85-1A13-4C11-BAFD-81A23762264C} = {5A483409-9C90-4B8D-BE2C-EC573533F9AC}
		{31823E56-4C03-42BE-B33F-2016C5E95C05} = {5A483409-9C90-4B8D-BE2C-EC573533F9AC}
		{739B6F28-449C-470E-83DF-3F75E5EFB237} = {43AF974B-8D21-4C0B-AE25-9E3C5C2073A5}
		{CBD574B5-2E90-4D61-8A59-CFEDF37434B7} = {43AF974B-8D21-4C0B-AE25-9E3C5C2073A5}
		{4DD0BA89-7259-4A74-9DA4-F250EBE7DFC5} = {43AF974B-8D21-4C0B-AE25-9E3C5C2073A5}
	EndGlobalSection
	GlobalSection(SolutionProperties) = preSolution
		HideSolutionNode = FALSE
	EndGlobalSection
EndGlobal
